// !$*UTF8*$!
{
	archiveVersion = 1;
	classes = {
	};
	objectVersion = 56;
	objects = {

/* Begin PBXBuildFile section */
		77281BDA67AFA4EB883DCF0A /* OpenImgsApp.swift in Sources */ = {isa = PBXBuildFile; fileRef = E64F694A842C110517EBC353 /* OpenImgsApp.swift */; };
		60EF00EB20803218B03C7C07 /* MainTabView.swift in Sources */ = {isa = PBXBuildFile; fileRef = AAC812FBCCBC72F5CA7D0924 /* MainTabView.swift */; };
		9FCE3C5880B80F4A364EDB35 /* OnboardingView.swift in Sources */ = {isa = PBXBuildFile; fileRef = 08702B68600AC9825D174737 /* OnboardingView.swift */; };
		AB0B804C74C0C5993FC31699 /* GalleryView.swift in Sources */ = {isa = PBXBuildFile; fileRef = 4CFC3F4EF3E74688919E3962 /* GalleryView.swift */; };
		655F5D04D96A033494E8DC93 /* AlbumListView.swift in Sources */ = {isa = PBXBuildFile; fileRef = 066E48CBBBE2E7CBF63C43B5 /* AlbumListView.swift */; };
		632483C8DC88D5FB9050984B /* SearchView.swift in Sources */ = {isa = PBXBuildFile; fileRef = FD309F7959BBAA0F42B4E43A /* SearchView.swift */; };
		B2DD6105041784FFF94E75C9 /* CleanView.swift in Sources */ = {isa = PBXBuildFile; fileRef = EEFAC3A2761FDD21F07623D9 /* CleanView.swift */; };
		FC51E86E560D26A9A958DC9B /* SettingsView.swift in Sources */ = {isa = PBXBuildFile; fileRef = E80E3F35CAA64DE3C9AD14A5 /* SettingsView.swift */; };
/* End PBXBuildFile section */

/* Begin PBXFileReference section */
		3704AA8E24C19000E51CD0A2 /* OpenImgs.app */ = {isa = PBXFileReference; explicitFileType = wrapper.application; includeInIndex = 0; path = OpenImgs.app; sourceTree = BUILT_PRODUCTS_DIR; };
		E64F694A842C110517EBC353 /* OpenImgsApp.swift */ = {isa = PBXFileReference; lastKnownFileType = sourcecode.swift; path = OpenImgsApp.swift; sourceTree = "<group>"; };
		AAC812FBCCBC72F5CA7D0924 /* MainTabView.swift */ = {isa = PBXFileReference; lastKnownFileType = sourcecode.swift; path = MainTabView.swift; sourceTree = "<group>"; };
		08702B68600AC9825D174737 /* OnboardingView.swift */ = {isa = PBXFileReference; lastKnownFileType = sourcecode.swift; path = OnboardingView.swift; sourceTree = "<group>"; };
		4CFC3F4EF3E74688919E3962 /* GalleryView.swift */ = {isa = PBXFileReference; lastKnownFileType = sourcecode.swift; path = GalleryView.swift; sourceTree = "<group>"; };
		066E48CBBBE2E7CBF63C43B5 /* AlbumListView.swift */ = {isa = PBXFileReference; lastKnownFileType = sourcecode.swift; path = AlbumListView.swift; sourceTree = "<group>"; };
		FD309F7959BBAA0F42B4E43A /* SearchView.swift */ = {isa = PBXFileReference; lastKnownFileType = sourcecode.swift; path = SearchView.swift; sourceTree = "<group>"; };
		EEFAC3A2761FDD21F07623D9 /* CleanView.swift */ = {isa = PBXFileReference; lastKnownFileType = sourcecode.swift; path = CleanView.swift; sourceTree = "<group>"; };
		E80E3F35CAA64DE3C9AD14A5 /* SettingsView.swift */ = {isa = PBXFileReference; lastKnownFileType = sourcecode.swift; path = SettingsView.swift; sourceTree = "<group>"; };
		FC3001B5280773A0292506E7 /* Assets.xcassets */ = {isa = PBXFileReference; lastKnownFileType = folder.assetcatalog; path = Assets.xcassets; sourceTree = "<group>"; };
		8C6FAE265E77C4457A0458FC /* Info.plist */ = {isa = PBXFileReference; lastKnownFileType = text.plist.xml; path = Info.plist; sourceTree = "<group>"; };
		359A2DD708FCEDD161361623 /* OpenImgs.entitlements */ = {isa = PBXFileReference; lastKnownFileType = text.plist.entitlements; path = OpenImgs.entitlements; sourceTree = "<group>"; };
/* End PBXFileReference section */

/* Begin PBXFrameworksBuildPhase section */
		B804F492588F3A2BE5BD7707 /* Frameworks */ = {
			isa = PBXFrameworksBuildPhase;
			buildActionMask = 2147483647;
			files = (
			);
			runOnlyForDeploymentPostprocessing = 0;
		};
/* End PBXFrameworksBuildPhase section */

/* Begin PBXGroup section */
		FA00B2001899D812B374C1DF /* Gallery */ = {
			isa = PBXGroup;
			children = (
				4CFC3F4EF3E74688919E3962 /* GalleryView.swift */,
			);
			path = Gallery;
			sourceTree = "<group>";
		};
		253B4DB17B05A0AE8F49C93B /* Albums */ = {
			isa = PBXGroup;
			children = (
				066E48CBBBE2E7CBF63C43B5 /* AlbumListView.swift */,
			);
			path = Albums;
			sourceTree = "<group>";
		};
		C8D9D29F293DF0B019AB0A2B /* Search */ = {
			isa = PBXGroup;
			children = (
				FD309F7959BBAA0F42B4E43A /* SearchView.swift */,
			);
			path = Search;
			sourceTree = "<group>";
		};
		4B4E1F9217600E89818D1059 /* Clean */ = {
			isa = PBXGroup;
			children = (
				EEFAC3A2761FDD21F07623D9 /* CleanView.swift */,
			);
			path = Clean;
			sourceTree = "<group>";
		};
		D83359C5F70FC29446B117BE /* Settings */ = {
			isa = PBXGroup;
			children = (
				E80E3F35CAA64DE3C9AD14A5 /* SettingsView.swift */,
			);
			path = Settings;
			sourceTree = "<group>";
		};
		B3FF000EAD123ECB4835E3AE /* Views */ = {
			isa = PBXGroup;
			children = (
				FA00B2001899D812B374C1DF /* Gallery */,
				253B4DB17B05A0AE8F49C93B /* Albums */,
				C8D9D29F293DF0B019AB0A2B /* Search */,
				4B4E1F9217600E89818D1059 /* Clean */,
				D83359C5F70FC29446B117BE /* Settings */,
				08702B68600AC9825D174737 /* OnboardingView.swift */,
			);
			path = Views;
			sourceTree = "<group>";
		};
		D2699B5C9D092C7668AB4D59 /* Helpers */ = {
			isa = PBXGroup;
			children = (
			);
			path = Helpers;
			sourceTree = "<group>";
		};
		98C43F97E476C4B1791CD79A /* ViewModels */ = {
			isa = PBXGroup;
			children = (
			);
			path = ViewModels;
			sourceTree = "<group>";
		};
		E574CA77A6D41F8FA7365621 /* OpenImgs */ = {
			isa = PBXGroup;
			children = (
				E64F694A842C110517EBC353 /* OpenImgsApp.swift */,
				AAC812FBCCBC72F5CA7D0924 /* MainTabView.swift */,
				B3FF000EAD123ECB4835E3AE /* Views */,
				D2699B5C9D092C7668AB4D59 /* Helpers */,
				98C43F97E476C4B1791CD79A /* ViewModels */,
				FC3001B5280773A0292506E7 /* Assets.xcassets */,
				8C6FAE265E77C4457A0458FC /* Info.plist */,
				359A2DD708FCEDD161361623 /* OpenImgs.entitlements */,
			);
			path = OpenImgs;
			sourceTree = "<group>";
		};
		942A9A1A63793D61082FFAA8 /* Products */ = {
			isa = PBXGroup;
			children = (
				3704AA8E24C19000E51CD0A2 /* OpenImgs.app */,
			);
			name = Products;
			sourceTree = "<group>";
		};
		0035FE99EA2940F7FA633A58 = {
			isa = PBXGroup;
			children = (
				942A9A1A63793D61082FFAA8 /* Products */,
				E574CA77A6D41F8FA7365621 /* OpenImgs */,
			);
			sourceTree = "<group>";
		};
/* End PBXGroup section */

/* Begin PBXNativeTarget section */
		59B82AF020D2FCD6532DD198 /* OpenImgs */ = {
			isa = PBXNativeTarget;
			buildConfigurationList = 8DEF05A0BA55E2880AB4F655 /* Build configuration list for PBXNativeTarget "OpenImgs" */;
			buildPhases = (
				76E7A742CE7CD8FC81B56664 /* ShellScript */,
				A8845CE5F531D368403AFF88 /* Sources */,
				B804F492588F3A2BE5BD7707 /* Frameworks */,
				8E8A406124A99A2C1D9A1238 /* Resources */,
			);
			buildRules = (
			);
			dependencies = (
			);
			name = OpenImgs;
			productName = OpenImgs;
			productReference = 3704AA8E24C19000E51CD0A2 /* OpenImgs.app */;
			productType = "com.apple.product-type.application";
		};
/* End PBXNativeTarget section */

/* Begin PBXProject section */
		341246D4A0B138D4920A5F7E /* Project object */ = {
			isa = PBXProject;
			attributes = {
				BuildIndependentTargetsInParallel = 1;
				LastSwiftUpdateCheck = 1540;
				LastUpgradeCheck = 1540;
				TargetAttributes = {
					59B82AF020D2FCD6532DD198 = {
						CreatedOnToolsVersion = 15.4;
					};
				};
			};
			buildConfigurationList = 4573FC33FC3A348A2692FE8A /* Build configuration list for PBXProject "OpenImgs" */;
			compatibilityVersion = "Xcode 14.0";
			developmentRegion = en;
			hasScannedForEncodings = 0;
			knownRegions = (
				en,
				Base,
			);
			mainGroup = 0035FE99EA2940F7FA633A58;
			productRefGroup = 942A9A1A63793D61082FFAA8 /* Products */;
			projectDirPath = "";
			projectRoot = "";
			targets = (
				59B82AF020D2FCD6532DD198 /* OpenImgs */,
			);
		};
/* End PBXProject section */

/* Begin PBXResourcesBuildPhase section */
		8E8A406124A99A2C1D9A1238 /* Resources */ = {
			isa = PBXResourcesBuildPhase;
			buildActionMask = 2147483647;
			files = (
			);
			runOnlyForDeploymentPostprocessing = 0;
		};
/* End PBXResourcesBuildPhase section */

/* Begin PBXShellScriptBuildPhase section */
		76E7A742CE7CD8FC81B56664 /* ShellScript */ = {
			isa = PBXShellScriptBuildPhase;
			buildActionMask = 2147483647;
			files = (
			);
			inputFileListPaths = (
			);
			inputPaths = (
			);
			name = ShellScript;
			outputFileListPaths = (
			);
			outputPaths = (
			);
			runOnlyForDeploymentPostprocessing = 0;
			shellPath = /bin/sh;
			shellScript = "cd \"$SRCROOT/..\"\n./gradlew :shared:embedAndSignAppleFrameworkForXcode\n";
		};
/* End PBXShellScriptBuildPhase section */

/* Begin PBXSourcesBuildPhase section */
		A8845CE5F531D368403AFF88 /* Sources */ = {
			isa = PBXSourcesBuildPhase;
			buildActionMask = 2147483647;
			files = (
				77281BDA67AFA4EB883DCF0A /* OpenImgsApp.swift in Sources */,
				60EF00EB20803218B03C7C07 /* MainTabView.swift in Sources */,
				9FCE3C5880B80F4A364EDB35 /* OnboardingView.swift in Sources */,
				AB0B804C74C0C5993FC31699 /* GalleryView.swift in Sources */,
				655F5D04D96A033494E8DC93 /* AlbumListView.swift in Sources */,
				632483C8DC88D5FB9050984B /* SearchView.swift in Sources */,
				B2DD6105041784FFF94E75C9 /* CleanView.swift in Sources */,
				FC51E86E560D26A9A958DC9B /* SettingsView.swift in Sources */,
			);
			runOnlyForDeploymentPostprocessing = 0;
		};
/* End PBXSourcesBuildPhase section */

/* Begin XCBuildConfiguration section */
		4369E18A2430F6CC3650E236 /* Debug */ = {
			isa = XCBuildConfiguration;
			buildSettings = {
				ALWAYS_SEARCH_USER_PATHS = NO;
				ASSETCATALOG_COMPILER_GENERATE_SWIFT_ASSET_SYMBOL_EXTENSIONS = YES;
				CLANG_ANALYZER_NONNULL = YES;
				CLANG_CXX_LANGUAGE_STANDARD = "gnu++20";
				CLANG_ENABLE_MODULES = YES;
				CLANG_ENABLE_OBJC_ARC = YES;
				CLANG_ENABLE_OBJC_WEAK = YES;
				CLANG_WARN_BLOCK_CAPTURE_AUTORELEASING = YES;
				CLANG_WARN_BOOL_CONVERSION = YES;
				CLANG_WARN_COMMA = YES;
				CLANG_WARN_CONSTANT_CONVERSION = YES;
				CLANG_WARN_DEPRECATED_OBJC_IMPLEMENTATIONS = YES;
				CLANG_WARN_DIRECT_OBJC_ISA_USAGE = YES_ERROR;
				CLANG_WARN_DOCUMENTATION_COMMENTS = YES;
				CLANG_WARN_EMPTY_BODY = YES;
				CLANG_WARN_ENUM_CONVERSION = YES;
				CLANG_WARN_INFINITE_RECURSION = YES;
				CLANG_WARN_INT_CONVERSION = YES;
				CLANG_WARN_NON_LITERAL_NULL_CONVERSION = YES;
				CLANG_WARN_OBJC_IMPLICIT_RETAIN_SELF = YES;
				CLANG_WARN_OBJC_LITERAL_CONVERSION = YES;
				CLANG_WARN_OBJC_ROOT_CLASS = YES_ERROR;
				CLANG_WARN_QUOTED_INCLUDE_IN_FRAMEWORK_HEADER = YES;
				CLANG_WARN_RANGE_LOOP_ANALYSIS = YES;
				CLANG_WARN_STRICT_PROTOTYPES = YES;
				CLANG_WARN_SUSPICIOUS_MOVE = YES;
				CLANG_WARN_UNGUARDED_AVAILABILITY = YES_AGGRESSIVE;
				CLANG_WARN_UNREACHABLE_CODE = YES;
				CLANG_WARN__DUPLICATE_METHOD_MATCH = YES;
				GCC_NO_COMMON_BLOCKS = YES;
				GCC_WARN_64_TO_32_BIT_CONVERSION = YES;
				GCC_WARN_ABOUT_RETURN_TYPE = YES_ERROR;
				GCC_WARN_UNDECLARED_SELECTOR = YES;
				GCC_WARN_UNINITIALIZED_AUTOS = YES_AGGRESSIVE;
				GCC_WARN_UNUSED_FUNCTION = YES;
				GCC_WARN_UNUSED_VARIABLE = YES;
				IPHONEOS_DEPLOYMENT_TARGET = 17.0;
				LOCALIZATION_PREFERS_STRING_CATALOGS = YES;
				SDKROOT = iphoneos;
				COPY_PHASE_STRIP = NO;
				DEBUG_INFORMATION_FORMAT = dwarf;
				ENABLE_STRICT_OBJC_MSGSEND = YES;
				ENABLE_TESTABILITY = YES;
				ENABLE_USER_SCRIPT_SANDBOXING = NO;
				GCC_C_LANGUAGE_STANDARD = gnu17;
				GCC_OPTIMIZATION_LEVEL = 0;
				GCC_PREPROCESSOR_DEFINITIONS = (
					"DEBUG=1",
					"$(inherited)",
				);
				MTL_ENABLE_DEBUG_INFO = INCLUDE_SOURCE;
				MTL_FAST_MATH = YES;
				ONLY_ACTIVE_ARCH = YES;
				SWIFT_ACTIVE_COMPILATION_CONDITIONS = "DEBUG $(inherited)";
				SWIFT_OPTIMIZATION_LEVEL = "-Onone";
			};
			name = Debug;
		};
		D1F5507BA9305378D422EF3C /* Release */ = {
			isa = XCBuildConfiguration;
			buildSettings = {
				ALWAYS_SEARCH_USER_PATHS = NO;
				ASSETCATALOG_COMPILER_GENERATE_SWIFT_ASSET_SYMBOL_EXTENSIONS = YES;
				CLANG_ANALYZER_NONNULL = YES;
				CLANG_CXX_LANGUAGE_STANDARD = "gnu++20";
				CLANG_ENABLE_MODULES = YES;
				CLANG_ENABLE_OBJC_ARC = YES;
				CLANG_ENABLE_OBJC_WEAK = YES;
				CLANG_WARN_BLOCK_CAPTURE_AUTORELEASING = YES;
				CLANG_WARN_BOOL_CONVERSION = YES;
				CLANG_WARN_COMMA = YES;
				CLANG_WARN_CONSTANT_CONVERSION = YES;
				CLANG_WARN_DEPRECATED_OBJC_IMPLEMENTATIONS = YES;
				CLANG_WARN_DIRECT_OBJC_ISA_USAGE = YES_ERROR;
				CLANG_WARN_DOCUMENTATION_COMMENTS = YES;
				CLANG_WARN_EMPTY_BODY = YES;
				CLANG_WARN_ENUM_CONVERSION = YES;
				CLANG_WARN_INFINITE_RECURSION = YES;
				CLANG_WARN_INT_CONVERSION = YES;
				CLANG_WARN_NON_LITERAL_NULL_CONVERSION = YES;
				CLANG_WARN_OBJC_IMPLICIT_RETAIN_SELF = YES;
				CLANG_WARN_OBJC_LITERAL_CONVERSION = YES;
				CLANG_WARN_OBJC_ROOT_CLASS = YES_ERROR;
				CLANG_WARN_QUOTED_INCLUDE_IN_FRAMEWORK_HEADER = YES;
				CLANG_WARN_RANGE_LOOP_ANALYSIS = YES;
				CLANG_WARN_STRICT_PROTOTYPES = YES;
				CLANG_WARN_SUSPICIOUS_MOVE = YES;
				CLANG_WARN_UNGUARDED_AVAILABILITY = YES_AGGRESSIVE;
				CLANG_WARN_UNREACHABLE_CODE = YES;
				CLANG_WARN__DUPLICATE_METHOD_MATCH = YES;
				GCC_NO_COMMON_BLOCKS = YES;
				GCC_WARN_64_TO_32_BIT_CONVERSION = YES;
				GCC_WARN_ABOUT_RETURN_TYPE = YES_ERROR;
				GCC_WARN_UNDECLARED_SELECTOR = YES;
				GCC_WARN_UNINITIALIZED_AUTOS = YES_AGGRESSIVE;
				GCC_WARN_UNUSED_FUNCTION = YES;
				GCC_WARN_UNUSED_VARIABLE = YES;
				IPHONEOS_DEPLOYMENT_TARGET = 17.0;
				LOCALIZATION_PREFERS_STRING_CATALOGS = YES;
				SDKROOT = iphoneos;
				DEBUG_INFORMATION_FORMAT = "dwarf-with-dsym";
				ENABLE_NS_ASSERTIONS = NO;
				ENABLE_STRICT_OBJC_MSGSEND = YES;
				ENABLE_USER_SCRIPT_SANDBOXING = NO;
				GCC_C_LANGUAGE_STANDARD = gnu17;
				MTL_FAST_MATH = YES;
				SWIFT_COMPILATION_MODE = wholemodule;
				VALIDATE_PRODUCT = YES;
			};
			name = Release;
		};
		BA9E97BAAA0625BB2BD61C91 /* Debug */ = {
			isa = XCBuildConfiguration;
			buildSettings = {
				ASSETCATALOG_COMPILER_APPICON_NAME = AppIcon;
				ASSETCATALOG_COMPILER_GLOBAL_ACCENT_COLOR_NAME = AccentColor;
				CODE_SIGN_ENTITLEMENTS = OpenImgs/OpenImgs.entitlements;
				CODE_SIGN_STYLE = Automatic;
				CURRENT_PROJECT_VERSION = 1;
				DEVELOPMENT_TEAM = "";
				GENERATE_INFOPLIST_FILE = NO;
				INFOPLIST_FILE = OpenImgs/Info.plist;
				INFOPLIST_KEY_UIApplicationSceneManifest_Generation = NO;
				INFOPLIST_KEY_UIApplicationSupportsIndirectInputEvents = YES;
				INFOPLIST_KEY_UILaunchScreen_Generation = NO;
				INFOPLIST_KEY_UISupportedInterfaceOrientations_iPad = "UIInterfaceOrientationPortrait UIInterfaceOrientationPortraitUpsideDown UIInterfaceOrientationLandscapeLeft UIInterfaceOrientationLandscapeRight";
				INFOPLIST_KEY_UISupportedInterfaceOrientations_iPhone = "UIInterfaceOrientationPortrait";
				IPHONEOS_DEPLOYMENT_TARGET = 17.0;
				LD_RUNPATH_SEARCH_PATHS = (
					"$(inherited)",
					"@executable_path/Frameworks",
				);
				MARKETING_VERSION = 1.0.0;
				PRODUCT_BUNDLE_IDENTIFIER = com.openimgs.app;
				PRODUCT_NAME = "$(TARGET_NAME)";
				SWIFT_EMIT_LOC_STRINGS = YES;
				SWIFT_VERSION = 5.0;
				TARGETED_DEVICE_FAMILY = "1,2";
				FRAMEWORK_SEARCH_PATHS = (
					"$(inherited)",
					"$(SRCROOT)/../shared/build/xcode-frameworks/$(CONFIGURATION)$(EFFECTIVE_PLATFORM_NAME)",
				);
				OTHER_LDFLAGS = (
					"$(inherited)",
					"-framework",
					shared,
				);
			};
			name = Debug;
		};
		3FC8B6D7D8468FBD5211E925 /* Release */ = {
			isa = XCBuildConfiguration;
			buildSettings = {
				ASSETCATALOG_COMPILER_APPICON_NAME = AppIcon;
				ASSETCATALOG_COMPILER_GLOBAL_ACCENT_COLOR_NAME = AccentColor;
				CODE_SIGN_ENTITLEMENTS = OpenImgs/OpenImgs.entitlements;
				CODE_SIGN_STYLE = Automatic;
				CURRENT_PROJECT_VERSION = 1;
				DEVELOPMENT_TEAM = "";
				GENERATE_INFOPLIST_FILE = NO;
				INFOPLIST_FILE = OpenImgs/Info.plist;
				INFOPLIST_KEY_UIApplicationSceneManifest_Generation = NO;
				INFOPLIST_KEY_UIApplicationSupportsIndirectInputEvents = YES;
				INFOPLIST_KEY_UILaunchScreen_Generation = NO;
				INFOPLIST_KEY_UISupportedInterfaceOrientations_iPad = "UIInterfaceOrientationPortrait UIInterfaceOrientationPortraitUpsideDown UIInterfaceOrientationLandscapeLeft UIInterfaceOrientationLandscapeRight";
				INFOPLIST_KEY_UISupportedInterfaceOrientations_iPhone = "UIInterfaceOrientationPortrait";
				IPHONEOS_DEPLOYMENT_TARGET = 17.0;
				LD_RUNPATH_SEARCH_PATHS = (
					"$(inherited)",
					"@executable_path/Frameworks",
				);
				MARKETING_VERSION = 1.0.0;
				PRODUCT_BUNDLE_IDENTIFIER = com.openimgs.app;
				PRODUCT_NAME = "$(TARGET_NAME)";
				SWIFT_EMIT_LOC_STRINGS = YES;
				SWIFT_VERSION = 5.0;
				TARGETED_DEVICE_FAMILY = "1,2";
				FRAMEWORK_SEARCH_PATHS = (
					"$(inherited)",
					"$(SRCROOT)/../shared/build/xcode-frameworks/$(CONFIGURATION)$(EFFECTIVE_PLATFORM_NAME)",
				);
				OTHER_LDFLAGS = (
					"$(inherited)",
					"-framework",
					shared,
				);
			};
			name = Release;
		};
/* End XCBuildConfiguration section */

/* Begin XCConfigurationList section */
		4573FC33FC3A348A2692FE8A /* Build configuration list for PBXProject "OpenImgs" */ = {
			isa = XCConfigurationList;
			buildConfigurations = (
				4369E18A2430F6CC3650E236 /* Debug */,
				D1F5507BA9305378D422EF3C /* Release */,
			);
			defaultConfigurationIsVisible = 0;
			defaultConfigurationName = Release;
		};
		8DEF05A0BA55E2880AB4F655 /* Build configuration list for PBXNativeTarget "OpenImgs" */ = {
			isa = XCConfigurationList;
			buildConfigurations = (
				BA9E97BAAA0625BB2BD61C91 /* Debug */,
				3FC8B6D7D8468FBD5211E925 /* Release */,
			);
			defaultConfigurationIsVisible = 0;
			defaultConfigurationName = Release;
		};
/* End XCConfigurationList section */
	};
	rootObject = 341246D4A0B138D4920A5F7E /* Project object */;
}